{
  "name": "@openculinary/i18next-gettext-loader",
  "version": "1.0.4-beta.0",
  "lockfileVersion": 3,
  "requires": true,
  "packages": {
    "": {
      "name": "@openculinary/i18next-gettext-loader",
      "version": "1.0.4-beta.0",
      "license": "MIT",
      "dependencies": {
        "i18next-conv": "^16.0.0"
      },
      "devDependencies": {
        "json-loader": "^0.5.7",
        "memfs": "^4.68.1",
        "webpack": "^5.109.3"
      }
    },
    "node_modules/@jridgewell/gen-mapping": {
      "version": "0.3.13",
      "resolved": "https://registry.npmjs.org/@jridgewell/gen-mapping/-/gen-mapping-0.3.13.tgz",
      "integrity": "sha512-2kkt/7niJ6MgEPxF0bYdQ6etZaA+fQvDcLKckhy1yIQOzaoKjBBjSj63/aLVjYE3qhRt5dvM+uUyfCg6UKCBbA==",
      "dev": true,
      "license": "MIT",
      "dependencies": {
        "@jridgewell/sourcemap-codec": "^1.5.0",
        "@jridgewell/trace-mapping": "^0.3.24"
      }
    },
    "node_modules/@jridgewell/resolve-uri": {
      "version": "3.1.2",
      "resolved": "https://registry.npmjs.org/@jridgewell/resolve-uri/-/resolve-uri-3.1.2.tgz",
      "integrity": "sha512-bRISgCIjP20/tbWSPWMEi54QVPRZExkuD9lJL+UIxUKtwVJA8wW1Trb1jMs1RFXo1CBTNZ/5hpC9QvmKWdopKw==",
      "dev": true,
      "license": "MIT",
      "engines": {
        "node": ">=6.0.0"
      }
    },
    "node_modules/@jridgewell/source-map": {
      "version": "0.3.11",
      "resolved": "https://registry.npmjs.org/@jridgewell/source-map/-/source-map-0.3.11.tgz",
      "integrity": "sha512-ZMp1V8ZFcPG5dIWnQLr3NSI1MiCU7UETdS/A0G8V/XWHvJv3ZsFqutJn1Y5RPmAPX6F3BiE397OqveU/9NCuIA==",
      "dev": true,
      "license": "MIT",
      "dependencies": {
        "@jridgewell/gen-mapping": "^0.3.5",
        "@jridgewell/trace-mapping": "^0.3.25"
      }
    },
    "node_modules/@jridgewell/sourcemap-codec": {
      "version": "1.6.0",
      "resolved": "https://registry.npmjs.org/@jridgewell/sourcemap-codec/-/sourcemap-codec-1.6.0.tgz",
      "integrity": "sha512-T7jf+5zgsZHwNJ4lvQ7/aezbyk0nNX+zJVWpmHA7VYsEx7a7qr5Rg5IbtJFqkgze5Y2sruq1RUY8Q837Od7iFw==",
      "dev": true,
      "license": "MIT"
    },
    "node_modules/@jridgewell/trace-mapping": {
      "version": "0.3.31",
      "resolved": "https://registry.npmjs.org/@jridgewell/trace-mapping/-/trace-mapping-0.3.31.tgz",
      "integrity": "sha512-zzNR+SdQSDJzc8joaeP8QQoCQr8NuYx2dIIytl1QeBEZHJ9uW6hebsrYgbz8hJwUQao3TWCMtmfV8Nu1twOLAw==",
      "dev": true,
      "license": "MIT",
      "dependencies": {
        "@jridgewell/resolve-uri": "^3.1.0",
        "@jridgewell/sourcemap-codec": "^1.4.14"
      }
    },
    "node_modules/@jsonjoy.com/base64": {
      "version": "1.1.2",
      "dev": true,
      "license": "Apache-2.0",
      "engines": {
        "node": ">=10.0"
      },
      "funding": {
        "type": "github",
        "url": "https://github.com/sponsors/streamich"
      },
      "peerDependencies": {
        "tslib": "2"
      }
    },
    "node_modules/@jsonjoy.com/buffers": {
      "version": "17.67.0",
      "resolved": "https://registry.npmjs.org/@jsonjoy.com/buffers/-/buffers-17.67.0.tgz",
      "integrity": "sha512-tfExRpYxBvi32vPs9ZHaTjSP4fHAfzSmcahOfNxtvGHcyJel+aibkPlGeBB+7AoC6hL7lXIE++8okecBxx7lcw==",
      "dev": true,
      "license": "Apache-2.0",
      "engines": {
        "node": ">=10.0"
      },
      "funding": {
        "type": "github",
        "url": "https://github.com/sponsors/streamich"
      },
      "peerDependencies": {
        "tslib": "2"
      }
    },
    "node_modules/@jsonjoy.com/codegen": {
      "version": "1.0.0",
      "dev": true,
      "license": "Apache-2.0",
      "engines": {
        "node": ">=10.0"
      },
      "funding": {
        "type": "github",
        "url": "https://github.com/sponsors/streamich"
      },
      "peerDependencies": {
        "tslib": "2"
      }
    },
    "node_modules/@jsonjoy.com/fs-core": {
      "version": "4.68.1",
      "resolved": "https://registry.npmjs.org/@jsonjoy.com/fs-core/-/fs-core-4.68.1.tgz",
      "integrity": "sha512-V5oZ4Gt9WJKyQef0n9cAd0N9qjSkIBm3E4MYsgNIWBk5aINCDPKxMPo1i29rBxqiT4Ixf1epklqV9VJMKIxwlw==",
      "dev": true,
      "license": "Apache-2.0",
      "dependencies": {
        "@jsonjoy.com/fs-node-builtins": "4.68.1",
        "@jsonjoy.com/fs-node-utils": "4.68.1",
        "thingies": "^2.5.0"
      },
      "engines": {
        "node": ">=10.0"
      },
      "funding": {
        "type": "github",
        "url": "https://github.com/sponsors/streamich"
      },
      "peerDependencies": {
        "tslib": "2"
      }
    },
    "node_modules/@jsonjoy.com/fs-fsa": {
      "version": "4.68.1",
      "resolved": "https://registry.npmjs.org/@jsonjoy.com/fs-fsa/-/fs-fsa-4.68.1.tgz",
      "integrity": "sha512-HCG72UioncuO7Gw09XNVG+S85e3cq2hrUC/mexBrsWsa3mI7eePkkqWie3uVYbtsb64OR9YGQs5SqaufDRYBcg==",
      "dev": true,
      "license": "Apache-2.0",
      "dependencies": {
        "@jsonjoy.com/fs-core": "4.68.1",
        "@jsonjoy.com/fs-node-builtins": "4.68.1",
        "@jsonjoy.com/fs-node-utils": "4.68.1",
        "thingies": "^2.5.0"
      },
      "engines": {
        "node": ">=10.0"
      },
      "funding": {
        "type": "github",
        "url": "https://github.com/sponsors/streamich"
      },
      "peerDependencies": {
        "tslib": "2"
      }
    },
    "node_modules/@jsonjoy.com/fs-node": {
      "version": "4.68.1",
      "resolved": "https://registry.npmjs.org/@jsonjoy.com/fs-node/-/fs-node-4.68.1.tgz",
      "integrity": "sha512-R5D9mWtqdURzcOWj1vdXr3APCwX0xchtFT+kmW7fXLNDifWdDrnh26jSID8pdnUfFBxTyfHtFtTL/NWKzIH7kQ==",
      "dev": true,
      "license": "Apache-2.0",
      "dependencies": {
        "@jsonjoy.com/fs-core": "4.68.1",
        "@jsonjoy.com/fs-node-builtins": "4.68.1",
        "@jsonjoy.com/fs-node-utils": "4.68.1",
        "@jsonjoy.com/fs-print": "4.68.1",
        "@jsonjoy.com/fs-snapshot": "4.68.1",
        "glob-to-regex.js": "^1.0.0",
        "thingies": "^2.5.0"
      },
      "engines": {
        "node": ">=10.0"
      },
      "funding": {
        "type": "github",
        "url": "https://github.com/sponsors/streamich"
      },
      "peerDependencies": {
        "tslib": "2"
      }
    },
    "node_modules/@jsonjoy.com/fs-node-builtins": {
      "version": "4.68.1",
      "resolved": "https://registry.npmjs.org/@jsonjoy.com/fs-node-builtins/-/fs-node-builtins-4.68.1.tgz",
      "integrity": "sha512-HK1BTksysokNZxNspqDH0yPaqN9YgR/AYIlYiIaU2Ys4BOk5CdybI7r6BgiZuiiPiV8n4sK/kZdice7Znpy2Kw==",
      "dev": true,
      "license": "Apache-2.0",
      "engines": {
        "node": ">=10.0"
      },
      "funding": {
        "type": "github",
        "url": "https://github.com/sponsors/streamich"
      },
      "peerDependencies": {
        "tslib": "2"
      }
    },
    "node_modules/@jsonjoy.com/fs-node-to-fsa": {
      "version": "4.68.1",
      "resolved": "https://registry.npmjs.org/@jsonjoy.com/fs-node-to-fsa/-/fs-node-to-fsa-4.68.1.tgz",
      "integrity": "sha512-lpKmU4X9e/oh8GIuAI7EXaS5QiLNM3KD15CkdhfS6PYmrGvoJqKQcyEfnLgnnaGslh/PFUMYSIZBCf2ejJGw8g==",
      "dev": true,
      "license": "Apache-2.0",
      "dependencies": {
        "@jsonjoy.com/fs-fsa": "4.68.1",
        "@jsonjoy.com/fs-node-builtins": "4.68.1",
        "@jsonjoy.com/fs-node-utils": "4.68.1"
      },
      "engines": {
        "node": ">=10.0"
      },
      "funding": {
        "type": "github",
        "url": "https://github.com/sponsors/streamich"
      },
      "peerDependencies": {
        "tslib": "2"
      }
    },
    "node_modules/@jsonjoy.com/fs-node-utils": {
      "version": "4.68.1",
      "resolved": "https://registry.npmjs.org/@jsonjoy.com/fs-node-utils/-/fs-node-utils-4.68.1.tgz",
      "integrity": "sha512-/GxfW1DWm9SCdkfbvqevLO/P5duobQfmKkHXxdMIDbcZMQeAgooAstIfZhkXpATzq9QbCQsnoWFM/dGHdZfndw==",
      "dev": true,
      "license": "Apache-2.0",
      "dependencies": {
        "@jsonjoy.com/fs-node-builtins": "4.68.1",
        "glob-to-regex.js": "^1.0.1"
      },
      "engines": {
        "node": ">=10.0"
      },
      "funding": {
        "type": "github",
        "url": "https://github.com/sponsors/streamich"
      },
      "peerDependencies": {
        "tslib": "2"
      }
    },
    "node_modules/@jsonjoy.com/fs-print": {
      "version": "4.68.1",
      "resolved": "https://registry.npmjs.org/@jsonjoy.com/fs-print/-/fs-print-4.68.1.tgz",
      "integrity": "sha512-oGeZOGPYKK9v1CgeVeEDsLomH1lCnslSpqUN5GmPzrmAVGQlsmsdcXNA2O4lV8Y4xkuSuynx2ITBkUHJVaTbow==",
      "dev": true,
      "license": "Apache-2.0",
      "dependencies": {
        "@jsonjoy.com/fs-node-utils": "4.68.1",
        "tree-dump": "^1.1.0"
      },
      "engines": {
        "node": ">=10.0"
      },
      "funding": {
        "type": "github",
        "url": "https://github.com/sponsors/streamich"
      },
      "peerDependencies": {
        "tslib": "2"
      }
    },
    "node_modules/@jsonjoy.com/fs-snapshot": {
      "version": "4.68.1",
      "resolved": "https://registry.npmjs.org/@jsonjoy.com/fs-snapshot/-/fs-snapshot-4.68.1.tgz",
      "integrity": "sha512-XZfP0FDZN32bbc4t2bZN2qRrYHg5AktJnzk22HRoKGK4BprrbNRH2k5ceSNS/kupKYcofCs+O841+xaAbjnxwQ==",
      "dev": true,
      "license": "Apache-2.0",
      "dependencies": {
        "@jsonjoy.com/buffers": "^17.65.0",
        "@jsonjoy.com/fs-node-utils": "4.68.1",
        "@jsonjoy.com/json-pack": "^17.65.0",
        "@jsonjoy.com/util": "^17.65.0"
      },
      "engines": {
        "node": ">=10.0"
      },
      "funding": {
        "type": "github",
        "url": "https://github.com/sponsors/streamich"
      },
      "peerDependencies": {
        "tslib": "2"
      }
    },
    "node_modules/@jsonjoy.com/fs-snapshot/node_modules/@jsonjoy.com/base64": {
      "version": "17.67.0",
      "resolved": "https://registry.npmjs.org/@jsonjoy.com/base64/-/base64-17.67.0.tgz",
      "integrity": "sha512-5SEsJGsm15aP8TQGkDfJvz9axgPwAEm98S5DxOuYe8e1EbfajcDmgeXXzccEjh+mLnjqEKrkBdjHWS5vFNwDdw==",
      "dev": true,
      "license": "Apache-2.0",
      "engines": {
        "node": ">=10.0"
      },
      "funding": {
        "type": "github",
        "url": "https://github.com/sponsors/streamich"
      },
      "peerDependencies": {
        "tslib": "2"
      }
    },
    "node_modules/@jsonjoy.com/fs-snapshot/node_modules/@jsonjoy.com/codegen": {
      "version": "17.67.0",
      "resolved": "https://registry.npmjs.org/@jsonjoy.com/codegen/-/codegen-17.67.0.tgz",
      "integrity": "sha512-idnkUplROpdBOV0HMcwhsCUS5TRUi9poagdGs70A6S4ux9+/aPuKbh8+UYRTLYQHtXvAdNfQWXDqZEx5k4Dj2Q==",
      "dev": true,
      "license": "Apache-2.0",
      "engines": {
        "node": ">=10.0"
      },
      "funding": {
        "type": "github",
        "url": "https://github.com/sponsors/streamich"
      },
      "peerDependencies": {
        "tslib": "2"
      }
    },
    "node_modules/@jsonjoy.com/fs-snapshot/node_modules/@jsonjoy.com/json-pack": {
      "version": "17.67.0",
      "resolved": "https://registry.npmjs.org/@jsonjoy.com/json-pack/-/json-pack-17.67.0.tgz",
      "integrity": "sha512-t0ejURcGaZsn1ClbJ/3kFqSOjlryd92eQY465IYrezsXmPcfHPE/av4twRSxf6WE+TkZgLY+71vCZbiIiFKA/w==",
      "dev": true,
      "license": "Apache-2.0",
      "dependencies": {
        "@jsonjoy.com/base64": "17.67.0",
        "@jsonjoy.com/buffers": "17.67.0",
        "@jsonjoy.com/codegen": "17.67.0",
        "@jsonjoy.com/json-pointer": "17.67.0",
        "@jsonjoy.com/util": "17.67.0",
        "hyperdyperid": "^1.2.0",
        "thingies": "^2.5.0",
        "tree-dump": "^1.1.0"
      },
      "engines": {
        "node": ">=10.0"
      },
      "funding": {
        "type": "github",
        "url": "https://github.com/sponsors/streamich"
      },
      "peerDependencies": {
        "tslib": "2"
      }
    },
    "node_modules/@jsonjoy.com/fs-snapshot/node_modules/@jsonjoy.com/json-pointer": {
      "version": "17.67.0",
      "resolved": "https://registry.npmjs.org/@jsonjoy.com/json-pointer/-/json-pointer-17.67.0.tgz",
      "integrity": "sha512-+iqOFInH+QZGmSuaybBUNdh7yvNrXvqR+h3wjXm0N/3JK1EyyFAeGJvqnmQL61d1ARLlk/wJdFKSL+LHJ1eaUA==",
      "dev": true,
      "license": "Apache-2.0",
      "dependencies": {
        "@jsonjoy.com/util": "17.67.0"
      },
      "engines": {
        "node": ">=10.0"
      },
      "funding": {
        "type": "github",
        "url": "https://github.com/sponsors/streamich"
      },
      "peerDependencies": {
        "tslib": "2"
      }
    },
    "node_modules/@jsonjoy.com/fs-snapshot/node_modules/@jsonjoy.com/util": {
      "version": "17.67.0",
      "resolved": "https://registry.npmjs.org/@jsonjoy.com/util/-/util-17.67.0.tgz",
      "integrity": "sha512-6+8xBaz1rLSohlGh68D1pdw3AwDi9xydm8QNlAFkvnavCJYSze+pxoW2VKP8p308jtlMRLs5NTHfPlZLd4w7ew==",
      "dev": true,
      "license": "Apache-2.0",
      "dependencies": {
        "@jsonjoy.com/buffers": "17.67.0",
        "@jsonjoy.com/codegen": "17.67.0"
      },
      "engines": {
        "node": ">=10.0"
      },
      "funding": {
        "type": "github",
        "url": "https://github.com/sponsors/streamich"
      },
      "peerDependencies": {
        "tslib": "2"
      }
    },
    "node_modules/@jsonjoy.com/json-pack": {
      "version": "1.21.0",
      "dev": true,
      "license": "Apache-2.0",
      "dependencies": {
        "@jsonjoy.com/base64": "^1.1.2",
        "@jsonjoy.com/buffers": "^1.2.0",
        "@jsonjoy.com/codegen": "^1.0.0",
        "@jsonjoy.com/json-pointer": "^1.0.2",
        "@jsonjoy.com/util": "^1.9.0",
        "hyperdyperid": "^1.2.0",
        "thingies": "^2.5.0",
        "tree-dump": "^1.1.0"
      },
      "engines": {
        "node": ">=10.0"
      },
      "funding": {
        "type": "github",
        "url": "https://github.com/sponsors/streamich"
      },
      "peerDependencies": {
        "tslib": "2"
      }
    },
    "node_modules/@jsonjoy.com/json-pack/node_modules/@jsonjoy.com/buffers": {
      "version": "1.2.1",
      "dev": true,
      "license": "Apache-2.0",
      "engines": {
        "node": ">=10.0"
      },
      "funding": {
        "type": "github",
        "url": "https://github.com/sponsors/streamich"
      },
      "peerDependencies": {
        "tslib": "2"
      }
    },
    "node_modules/@jsonjoy.com/json-pointer": {
      "version": "1.0.2",
      "dev": true,
      "license": "Apache-2.0",
      "dependencies": {
        "@jsonjoy.com/codegen": "^1.0.0",
        "@jsonjoy.com/util": "^1.9.0"
      },
      "engines": {
        "node": ">=10.0"
      },
      "funding": {
        "type": "github",
        "url": "https://github.com/sponsors/streamich"
      },
      "peerDependencies": {
        "tslib": "2"
      }
    },
    "node_modules/@jsonjoy.com/util": {
      "version": "1.9.0",
      "dev": true,
      "license": "Apache-2.0",
      "dependencies": {
        "@jsonjoy.com/buffers": "^1.0.0",
        "@jsonjoy.com/codegen": "^1.0.0"
      },
      "engines": {
        "node": ">=10.0"
      },
      "funding": {
        "type": "github",
        "url": "https://github.com/sponsors/streamich"
      },
      "peerDependencies": {
        "tslib": "2"
      }
    },
    "node_modules/@jsonjoy.com/util/node_modules/@jsonjoy.com/buffers": {
      "version": "1.2.1",
      "dev": true,
      "license": "Apache-2.0",
      "engines": {
        "node": ">=10.0"
      },
      "funding": {
        "type": "github",
        "url": "https://github.com/sponsors/streamich"
      },
      "peerDependencies": {
        "tslib": "2"
      }
    },
    "node_modules/@postalsys/gettext": {
      "version": "4.1.1"
    },
    "node_modules/@types/estree": {
      "version": "1.0.9",
      "resolved": "https://registry.npmjs.org/@types/estree/-/estree-1.0.9.tgz",
      "integrity": "sha512-GhdPgy1el4/ImP05X05Uw4cw2/M93BCUmnEvWZNStlCzEKME4Fkk+YpoA5OiHNQmoS7Cafb8Xa3Pya8m1Qrzeg==",
      "dev": true,
      "license": "MIT"
    },
    "node_modules/@types/json-schema": {
      "version": "7.0.15",
      "resolved": "https://registry.npmjs.org/@types/json-schema/-/json-schema-7.0.15.tgz",
      "integrity": "sha512-5+fP8P8MFNC+AyZCDxrB2pkZFPGzqQWUzpSeuuVLvm8VMcorNYavBqoFcxK8bQz4Qsbn4oUEEem4wDLfcysGHA==",
      "dev": true,
      "license": "MIT"
    },
    "node_modules/@types/node": {
      "version": "26.4.1",
      "resolved": "https://registry.npmjs.org/@types/node/-/node-26.4.1.tgz",
      "integrity": "sha512-k97ENvZWtvA6yqz5/FS6a7duDgOPEeOQOc2iKS/nY6mX6qJUKtLnWzQS+Xj6tXweyj6ZcTAK2Qecetnvi9nCLA==",
      "dev": true,
      "license": "MIT",
      "dependencies": {
        "undici-types": "~8.3.0"
      }
    },
    "node_modules/@webassemblyjs/ast": {
      "version": "1.14.1",
      "dev": true,
      "license": "MIT",
      "dependencies": {
        "@webassemblyjs/helper-numbers": "1.13.2",
        "@webassemblyjs/helper-wasm-bytecode": "1.13.2"
      }
    },
    "node_modules/@webassemblyjs/floating-point-hex-parser": {
      "version": "1.13.2",
      "dev": true,
      "license": "MIT"
    },
    "node_modules/@webassemblyjs/helper-api-error": {
      "version": "1.13.2",
      "dev": true,
      "license": "MIT"
    },
    "node_modules/@webassemblyjs/helper-buffer": {
      "version": "1.14.1",
      "dev": true,
      "license": "MIT"
    },
    "node_modules/@webassemblyjs/helper-numbers": {
      "version": "1.13.2",
      "dev": true,
      "license": "MIT",
      "dependencies": {
        "@webassemblyjs/floating-point-hex-parser": "1.13.2",
        "@webassemblyjs/helper-api-error": "1.13.2",
        "@xtuc/long": "4.2.2"
      }
    },
    "node_modules/@webassemblyjs/helper-wasm-bytecode": {
      "version": "1.13.2",
      "dev": true,
      "license": "MIT"
    },
    "node_modules/@webassemblyjs/helper-wasm-section": {
      "version": "1.14.1",
      "dev": true,
      "license": "MIT",
      "dependencies": {
        "@webassemblyjs/ast": "1.14.1",
        "@webassemblyjs/helper-buffer": "1.14.1",
        "@webassemblyjs/helper-wasm-bytecode": "1.13.2",
        "@webassemblyjs/wasm-gen": "1.14.1"
      }
    },
    "node_modules/@webassemblyjs/ieee754": {
      "version": "1.13.2",
      "dev": true,
      "license": "MIT",
      "dependencies": {
        "@xtuc/ieee754": "^1.2.0"
      }
    },
    "node_modules/@webassemblyjs/leb128": {
      "version": "1.13.2",
      "dev": true,
      "license": "Apache-2.0",
      "dependencies": {
        "@xtuc/long": "4.2.2"
      }
    },
    "node_modules/@webassemblyjs/utf8": {
      "version": "1.13.2",
      "dev": true,
      "license": "MIT"
    },
    "node_modules/@webassemblyjs/wasm-edit": {
      "version": "1.14.1",
      "dev": true,
      "license": "MIT",
      "dependencies": {
        "@webassemblyjs/ast": "1.14.1",
        "@webassemblyjs/helper-buffer": "1.14.1",
        "@webassemblyjs/helper-wasm-bytecode": "1.13.2",
        "@webassemblyjs/helper-wasm-section": "1.14.1",
        "@webassemblyjs/wasm-gen": "1.14.1",
        "@webassemblyjs/wasm-opt": "1.14.1",
        "@webassemblyjs/wasm-parser": "1.14.1",
        "@webassemblyjs/wast-printer": "1.14.1"
      }
    },
    "node_modules/@webassemblyjs/wasm-gen": {
      "version": "1.14.1",
      "dev": true,
      "license": "MIT",
      "dependencies": {
        "@webassemblyjs/ast": "1.14.1",
        "@webassemblyjs/helper-wasm-bytecode": "1.13.2",
        "@webassemblyjs/ieee754": "1.13.2",
        "@webassemblyjs/leb128": "1.13.2",
        "@webassemblyjs/utf8": "1.13.2"
      }
    },
    "node_modules/@webassemblyjs/wasm-opt": {
      "version": "1.14.1",
      "dev": true,
      "license": "MIT",
      "dependencies": {
        "@webassemblyjs/ast": "1.14.1",
        "@webassemblyjs/helper-buffer": "1.14.1",
        "@webassemblyjs/wasm-gen": "1.14.1",
        "@webassemblyjs/wasm-parser": "1.14.1"
      }
    },
    "node_modules/@webassemblyjs/wasm-parser": {
      "version": "1.14.1",
      "dev": true,
      "license": "MIT",
      "dependencies": {
        "@webassemblyjs/ast": "1.14.1",
        "@webassemblyjs/helper-api-error": "1.13.2",
        "@webassemblyjs/helper-wasm-bytecode": "1.13.2",
        "@webassemblyjs/ieee754": "1.13.2",
        "@webassemblyjs/leb128": "1.13.2",
        "@webassemblyjs/utf8": "1.13.2"
      }
    },
    "node_modules/@webassemblyjs/wast-printer": {
      "version": "1.14.1",
      "dev": true,
      "license": "MIT",
      "dependencies": {
        "@webassemblyjs/ast": "1.14.1",
        "@xtuc/long": "4.2.2"
      }
    },
    "node_modules/@xtuc/ieee754": {
      "version": "1.2.0",
      "dev": true,
      "license": "BSD-3-Clause"
    },
    "node_modules/@xtuc/long": {
      "version": "4.2.2",
      "dev": true,
      "license": "Apache-2.0"
    },
    "node_modules/abort-controller": {
      "version": "3.0.0",
      "license": "MIT",
      "dependencies": {
        "event-target-shim": "^5.0.0"
      },
      "engines": {
        "node": ">=6.5"
      }
    },
    "node_modules/acorn": {
      "version": "8.18.0",
      "resolved": "https://registry.npmjs.org/acorn/-/acorn-8.18.0.tgz",
      "integrity": "sha512-lGq+9yr1/GuAWaVYIHRjvvySG5/4VfKIvC8EWxStPdcDh/Ka7FG3twP6v4d5BkravUilhIAsG4Qj83t02LWUPQ==",
      "dev": true,
      "license": "MIT",
      "bin": {
        "acorn": "bin/acorn"
      },
      "engines": {
        "node": ">=0.4.0"
      }
    },
    "node_modules/ajv": {
      "version": "8.20.0",
      "resolved": "https://registry.npmjs.org/ajv/-/ajv-8.20.0.tgz",
      "integrity": "sha512-Thbli+OlOj+iMPYFBVBfJ3OmCAnaSyNn4M1vz9T6Gka5Jt9ba/HIR56joy65tY6kx/FCF5VXNB819Y7/GUrBGA==",
      "dev": true,
      "license": "MIT",
      "dependencies": {
        "fast-deep-equal": "^3.1.3",
        "fast-uri": "^3.0.1",
        "json-schema-traverse": "^1.0.0",
        "require-from-string": "^2.0.2"
      },
      "funding": {
        "type": "github",
        "url": "https://github.com/sponsors/epoberezkin"
      }
    },
    "node_modules/ajv-formats": {
      "version": "2.1.1",
      "resolved": "https://registry.npmjs.org/ajv-formats/-/ajv-formats-2.1.1.tgz",
      "integrity": "sha512-Wx0Kx52hxE7C18hkMEggYlEifqWZtYaRgouJor+WMdPnQyEK13vgEWyVNup7SoeeoLMsr4kf5h6dOW11I15MUA==",
      "dev": true,
      "license": "MIT",
      "dependencies": {
        "ajv": "^8.0.0"
      },
      "peerDependencies": {
        "ajv": "^8.0.0"
      },
      "peerDependenciesMeta": {
        "ajv": {
          "optional": true
        }
      }
    },
    "node_modules/ajv-keywords": {
      "version": "5.1.0",
      "resolved": "https://registry.npmjs.org/ajv-keywords/-/ajv-keywords-5.1.0.tgz",
      "integrity": "sha512-YCS/JNFAUyr5vAuhk1DWm1CBxRHW9LbJ2ozWeemrIqpbsqKjHVxYPyi5GC0rjZIT5JxJ3virVTS8wk4i/Z+krw==",
      "dev": true,
      "license": "MIT",
      "dependencies": {
        "fast-deep-equal": "^3.1.3"
      },
      "peerDependencies": {
        "ajv": "^8.8.2"
      }
    },
    "node_modules/arrify": {
      "version": "2.0.1",
      "license": "MIT",
      "engines": {
        "node": ">=8"
      }
    },
    "node_modules/base64-js": {
      "version": "1.5.1",
      "funding": [
        {
          "type": "github",
          "url": "https://github.com/sponsors/feross"
        },
        {
          "type": "patreon",
          "url": "https://www.patreon.com/feross"
        },
        {
          "type": "consulting",
          "url": "https://feross.org/support"
        }
      ],
      "license": "MIT"
    },
    "node_modules/baseline-browser-mapping": {
      "version": "2.9.19",
      "dev": true,
      "license": "Apache-2.0",
      "bin": {
        "baseline-browser-mapping": "dist/cli.js"
      }
    },
    "node_modules/browserslist": {
      "version": "4.28.1",
      "dev": true,
      "funding": [
        {
          "type": "opencollective",
          "url": "https://opencollective.com/browserslist"
        },
        {
          "type": "tidelift",
          "url": "https://tidelift.com/funding/github/npm/browserslist"
        },
        {
          "type": "github",
          "url": "https://github.com/sponsors/ai"
        }
      ],
      "license": "MIT",
      "dependencies": {
        "baseline-browser-mapping": "^2.9.0",
        "caniuse-lite": "^1.0.30001759",
        "electron-to-chromium": "^1.5.263",
        "node-releases": "^2.0.27",
        "update-browserslist-db": "^1.2.0"
      },
      "bin": {
        "browserslist": "cli.js"
      },
      "engines": {
        "node": "^6 || ^7 || ^8 || ^9 || ^10 || ^11 || ^12 || >=13.7"
      }
    },
    "node_modules/buffer": {
      "version": "6.0.3",
      "funding": [
        {
          "type": "github",
          "url": "https://github.com/sponsors/feross"
        },
        {
          "type": "patreon",
          "url": "https://www.patreon.com/feross"
        },
        {
          "type": "consulting",
          "url": "https://feross.org/support"
        }
      ],
      "license": "MIT",
      "dependencies": {
        "base64-js": "^1.3.1",
        "ieee754": "^1.2.1"
      }
    },
    "node_modules/buffer-from": {
      "version": "1.1.2",
      "resolved": "https://registry.npmjs.org/buffer-from/-/buffer-from-1.1.2.tgz",
      "integrity": "sha512-E+XQCRwSbaaiChtv6k6Dwgc+bx+Bs6vuKJHHl5kox/BaKbhiXzqQOwK4cO22yElGp2OCmjwVhT3HmxgyPGnJfQ==",
      "dev": true,
      "license": "MIT"
    },
    "node_modules/caniuse-lite": {
      "version": "1.0.30001769",
      "dev": true,
      "funding": [
        {
          "type": "opencollective",
          "url": "https://opencollective.com/browserslist"
        },
        {
          "type": "tidelift",
          "url": "https://tidelift.com/funding/github/npm/caniuse-lite"
        },
        {
          "type": "github",
          "url": "https://github.com/sponsors/ai"
        }
      ],
      "license": "CC-BY-4.0"
    },
    "node_modules/chrome-trace-event": {
      "version": "1.0.4",
      "dev": true,
      "license": "MIT",
      "engines": {
        "node": ">=6.0"
      }
    },
    "node_modules/colorette": {
      "version": "2.0.20",
      "license": "MIT"
    },
    "node_modules/commander": {
      "version": "14.0.3",
      "license": "MIT",
      "engines": {
        "node": ">=20"
      }
    },
    "node_modules/content-type": {
      "version": "1.0.5",
      "license": "MIT",
      "engines": {
        "node": ">= 0.6"
      }
    },
    "node_modules/electron-to-chromium": {
      "version": "1.5.286",
      "dev": true,
      "license": "ISC"
    },
    "node_modules/encoding": {
      "version": "0.1.13",
      "license": "MIT",
      "dependencies": {
        "iconv-lite": "^0.6.2"
      }
    },
    "node_modules/enhanced-resolve": {
      "version": "5.24.5",
      "resolved": "https://registry.npmjs.org/enhanced-resolve/-/enhanced-resolve-5.24.5.tgz",
      "integrity": "sha512-L1l8TNvomm6UVW5B253AGxQagSQr+vGwhMlrrfRS2qmhx46AMpMVJKQYLvWYbysTMY8VoicOvzHzoHMbyzB+4A==",
      "dev": true,
      "license": "MIT",
      "dependencies": {
        "graceful-fs": "^4.2.4",
        "tapable": "^2.3.3"
      },
      "engines": {
        "node": ">=10.13.0"
      }
    },
    "node_modules/es-module-lexer": {
      "version": "2.3.1",
      "resolved": "https://registry.npmjs.org/es-module-lexer/-/es-module-lexer-2.3.1.tgz",
      "integrity": "sha512-shc1dbU90Yl/xq1QrC7QRtfcwURZuVRfPhZbDoldJ1cn1gzDvBaBWlv0eFolj5+0znnPJz5TXLxsN77X/12KTA==",
      "dev": true,
      "license": "MIT"
    },
    "node_modules/escalade": {
      "version": "3.2.0",
      "dev": true,
      "license": "MIT",
      "engines": {
        "node": ">=6"
      }
    },
    "node_modules/event-target-shim": {
      "version": "5.0.1",
      "license": "MIT",
      "engines": {
        "node": ">=6"
      }
    },
    "node_modules/events": {
      "version": "3.3.0",
      "license": "MIT",
      "engines": {
        "node": ">=0.8.x"
      }
    },
    "node_modules/fast-deep-equal": {
      "version": "3.1.3",
      "resolved": "https://registry.npmjs.org/fast-deep-equal/-/fast-deep-equal-3.1.3.tgz",
      "integrity": "sha512-f3qQ9oQy9j2AhBe/H9VC91wLmKBCCU/gDOnKNAYG5hswO7BLKj09Hc5HYNz9cGI++xlpDCIgDaitVs03ATR84Q==",
      "dev": true,
      "license": "MIT"
    },
    "node_modules/fast-uri": {
      "version": "3.1.7",
      "resolved": "https://registry.npmjs.org/fast-uri/-/fast-uri-3.1.7.tgz",
      "integrity": "sha512-dOvZVzjdZdz7phd9v6jCbwxrBW3fK6n8Rc0CtdmM4bumzMnxywBYhuph6J819RRw/ku+rLbelwfMunktuzVVHg==",
      "dev": true,
      "funding": [
        {
          "type": "github",
          "url": "https://github.com/sponsors/fastify"
        },
        {
          "type": "opencollective",
          "url": "https://opencollective.com/fastify"
        }
      ],
      "license": "BSD-3-Clause"
    },
    "node_modules/gettext-converter": {
      "version": "1.3.1",
      "license": "MIT",
      "dependencies": {
        "arrify": "^2.0.1",
        "content-type": "1.0.5",
        "encoding": "0.1.13"
      }
    },
    "node_modules/gettext-parser": {
      "version": "8.0.0",
      "license": "MIT",
      "dependencies": {
        "content-type": "^1.0.5",
        "encoding": "^0.1.13",
        "readable-stream": "^4.5.2",
        "safe-buffer": "^5.2.1"
      },
      "engines": {
        "node": ">=18"
      }
    },
    "node_modules/glob-to-regex.js": {
      "version": "1.2.0",
      "resolved": "https://registry.npmjs.org/glob-to-regex.js/-/glob-to-regex.js-1.2.0.tgz",
      "integrity": "sha512-QMwlOQKU/IzqMUOAZWubUOT8Qft+Y0KQWnX9nK3ch0CJg0tTp4TvGZsTfudYKv2NzoQSyPcnA6TYeIQ3jGichQ==",
      "dev": true,
      "license": "Apache-2.0",
      "engines": {
        "node": ">=10.0"
      },
      "funding": {
        "type": "github",
        "url": "https://github.com/sponsors/streamich"
      },
      "peerDependencies": {
        "tslib": "2"
      }
    },
    "node_modules/graceful-fs": {
      "version": "4.2.11",
      "resolved": "https://registry.npmjs.org/graceful-fs/-/graceful-fs-4.2.11.tgz",
      "integrity": "sha512-RbJ5/jmFcNNCcDV5o9eTnBLJ/HszWV0P73bc+Ff4nS/rJj+YaS6IGyiOL0VoBYX+l1Wrl3k63h/KrH+nhJ0XvQ==",
      "dev": true,
      "license": "ISC"
    },
    "node_modules/has-flag": {
      "version": "4.0.0",
      "resolved": "https://registry.npmjs.org/has-flag/-/has-flag-4.0.0.tgz",
      "integrity": "sha512-EykJT/Q1KjTWctppgIAgfSO0tKVuZUjhgMr17kqTumMl6Afv3EISleU7qZUzoXDFTAHTDC4NOoG/ZxU3EvlMPQ==",
      "dev": true,
      "license": "MIT",
      "engines": {
        "node": ">=8"
      }
    },
    "node_modules/hyperdyperid": {
      "version": "1.2.0",
      "dev": true,
      "license": "MIT",
      "engines": {
        "node": ">=10.18"
      }
    },
    "node_modules/i18next-conv": {
      "version": "16.0.0",
      "license": "SEE LICENSE IN LICENSE.MD",
      "dependencies": {
        "@postalsys/gettext": "^4.1.0",
        "colorette": "^2.0.20",
        "commander": "^14.0.2",
        "gettext-converter": "^1.3.0",
        "gettext-parser": "^8.0.0",
        "p-from-callback": "^2.0.0"
      },
      "bin": {
        "i18next-conv": "bin/index.js"
      },
      "engines": {
        "node": ">=20.0"
      }
    },
    "node_modules/iconv-lite": {
      "version": "0.6.3",
      "license": "MIT",
      "dependencies": {
        "safer-buffer": ">= 2.1.2 < 3.0.0"
      },
      "engines": {
        "node": ">=0.10.0"
      }
    },
    "node_modules/ieee754": {
      "version": "1.2.1",
      "funding": [
        {
          "type": "github",
          "url": "https://github.com/sponsors/feross"
        },
        {
          "type": "patreon",
          "url": "https://www.patreon.com/feross"
        },
        {
          "type": "consulting",
          "url": "https://feross.org/support"
        }
      ],
      "license": "BSD-3-Clause"
    },
    "node_modules/jest-worker": {
      "version": "27.5.1",
      "resolved": "https://registry.npmjs.org/jest-worker/-/jest-worker-27.5.1.tgz",
      "integrity": "sha512-7vuh85V5cdDofPyxn58nrPjBktZo0u9x1g8WtjQol+jZDaE+fhN+cIvTj11GndBnMnyfrUOG1sZQxCdjKh+DKg==",
      "dev": true,
      "license": "MIT",
      "dependencies": {
        "@types/node": "*",
        "merge-stream": "^2.0.0",
        "supports-color": "^8.0.0"
      },
      "engines": {
        "node": ">= 10.13.0"
      }
    },
    "node_modules/json-loader": {
      "version": "0.5.7",
      "dev": true,
      "license": "MIT"
    },
    "node_modules/json-schema-traverse": {
      "version": "1.0.0",
      "resolved": "https://registry.npmjs.org/json-schema-traverse/-/json-schema-traverse-1.0.0.tgz",
      "integrity": "sha512-NM8/P9n3XjXhIZn1lLhkFaACTOURQXjWhV4BA/RnOv8xvgqtqpAX9IO4mRQxSx1Rlo4tqzeqb0sOlruaOy3dug==",
      "dev": true,
      "license": "MIT"
    },
    "node_modules/memfs": {
      "version": "4.68.1",
      "resolved": "https://registry.npmjs.org/memfs/-/memfs-4.68.1.tgz",
      "integrity": "sha512-OD+IDRUvIxu3QHL+nFm9gdyugInD27FDJ+sl4B5QgomPHXMlbw+GP918P8VNKu2FkNlVeqBkpzkwROpamVifRw==",
      "dev": true,
      "license": "Apache-2.0",
      "dependencies": {
        "@jsonjoy.com/fs-core": "4.68.1",
        "@jsonjoy.com/fs-fsa": "4.68.1",
        "@jsonjoy.com/fs-node": "4.68.1",
        "@jsonjoy.com/fs-node-builtins": "4.68.1",
        "@jsonjoy.com/fs-node-to-fsa": "4.68.1",
        "@jsonjoy.com/fs-node-utils": "4.68.1",
        "@jsonjoy.com/fs-print": "4.68.1",
        "@jsonjoy.com/fs-snapshot": "4.68.1",
        "@jsonjoy.com/json-pack": "^1.11.0",
        "@jsonjoy.com/util": "^1.9.0",
        "glob-to-regex.js": "^1.0.1",
        "thingies": "^2.5.0",
        "tree-dump": "^1.0.3",
        "tslib": "^2.0.0"
      },
      "funding": {
        "type": "github",
        "url": "https://github.com/sponsors/streamich"
      }
    },
    "node_modules/merge-stream": {
      "version": "2.0.0",
      "resolved": "https://registry.npmjs.org/merge-stream/-/merge-stream-2.0.0.tgz",
      "integrity": "sha512-abv/qOcuPfk3URPfDzmZU1LKmuw8kT+0nIHvKrKgFrwifol/doWcdA4ZqsWQ8ENrFKkd67Mfpo/LovbIUsbt3w==",
      "dev": true,
      "license": "MIT"
    },
    "node_modules/mime-db": {
      "version": "1.54.0",
      "dev": true,
      "license": "MIT",
      "engines": {
        "node": ">= 0.6"
      }
    },
    "node_modules/minimizer-webpack-plugin": {
      "version": "5.9.0",
      "resolved": "https://registry.npmjs.org/minimizer-webpack-plugin/-/minimizer-webpack-plugin-5.9.0.tgz",
      "integrity": "sha512-OASqv+dewv8vjkOBjqMOHvxUaXhtGBLZAXq7JbmYE8TSzBvOswiGq5JcBdc8ypuLL/8YUT1OEyupga6/iqdyTA==",
      "dev": true,
      "license": "MIT",
      "dependencies": {
        "@jridgewell/trace-mapping": "^0.3.31",
        "jest-worker": "^27.4.5",
        "schema-utils": "^4.3.3",
        "terser": "^5.51.0"
      },
      "engines": {
        "node": ">= 10.13.0"
      },
      "funding": {
        "type": "opencollective",
        "url": "https://opencollective.com/webpack"
      },
      "peerDependencies": {
        "webpack": "^5.1.0"
      },
      "peerDependenciesMeta": {
        "@minify-html/node": {
          "optional": true
        },
        "@napi-rs/image": {
          "optional": true
        },
        "@swc/core": {
          "optional": true
        },
        "@swc/css": {
          "optional": true
        },
        "@swc/html": {
          "optional": true
        },
        "clean-css": {
          "optional": true
        },
        "cssnano": {
          "optional": true
        },
        "csso": {
          "optional": true
        },
        "esbuild": {
          "optional": true
        },
        "html-minifier-terser": {
          "optional": true
        },
        "imagemin": {
          "optional": true
        },
        "lightningcss": {
          "optional": true
        },
        "postcss": {
          "optional": true
        },
        "sharp": {
          "optional": true
        },
        "svgo": {
          "optional": true
        },
        "uglify-js": {
          "optional": true
        }
      }
    },
    "node_modules/neo-async": {
      "version": "2.6.2",
      "dev": true,
      "license": "MIT"
    },
    "node_modules/node-releases": {
      "version": "2.0.27",
      "dev": true,
      "license": "MIT"
    },
    "node_modules/p-from-callback": {
      "version": "2.0.0",
      "license": "SEE LICENSE IN LICENSE.md",
      "engines": {
        "node": ">=18.0"
      }
    },
    "node_modules/picocolors": {
      "version": "1.1.1",
      "dev": true,
      "license": "ISC"
    },
    "node_modules/process": {
      "version": "0.11.10",
      "license": "MIT",
      "engines": {
        "node": ">= 0.6.0"
      }
    },
    "node_modules/readable-stream": {
      "version": "4.7.0",
      "license": "MIT",
      "dependencies": {
        "abort-controller": "^3.0.0",
        "buffer": "^6.0.3",
        "events": "^3.3.0",
        "process": "^0.11.10",
        "string_decoder": "^1.3.0"
      },
      "engines": {
        "node": "^12.22.0 || ^14.17.0 || >=16.0.0"
      }
    },
    "node_modules/require-from-string": {
      "version": "2.0.2",
      "resolved": "https://registry.npmjs.org/require-from-string/-/require-from-string-2.0.2.tgz",
      "integrity": "sha512-Xf0nWe6RseziFMu+Ap9biiUbmplq6S9/p+7w7YXP/JBHhrUDDUhwa+vANyubuqfZWTveU//DYVGsDG7RKL/vEw==",
      "dev": true,
      "license": "MIT",
      "engines": {
        "node": ">=0.10.0"
      }
    },
    "node_modules/safe-buffer": {
      "version": "5.2.1",
      "funding": [
        {
          "type": "github",
          "url": "https://github.com/sponsors/feross"
        },
        {
          "type": "patreon",
          "url": "https://www.patreon.com/feross"
        },
        {
          "type": "consulting",
          "url": "https://feross.org/support"
        }
      ],
      "license": "MIT"
    },
    "node_modules/safer-buffer": {
      "version": "2.1.2",
      "license": "MIT"
    },
    "node_modules/schema-utils": {
      "version": "4.3.3",
      "resolved": "https://registry.npmjs.org/schema-utils/-/schema-utils-4.3.3.tgz",
      "integrity": "sha512-eflK8wEtyOE6+hsaRVPxvUKYCpRgzLqDTb8krvAsRIwOGlHoSgYLgBXoubGgLd2fT41/OUYdb48v4k4WWHQurA==",
      "dev": true,
      "license": "MIT",
      "dependencies": {
        "@types/json-schema": "^7.0.9",
        "ajv": "^8.9.0",
        "ajv-formats": "^2.1.1",
        "ajv-keywords": "^5.1.0"
      },
      "engines": {
        "node": ">= 10.13.0"
      },
      "funding": {
        "type": "opencollective",
        "url": "https://opencollective.com/webpack"
      }
    },
    "node_modules/source-map": {
      "version": "0.6.1",
      "resolved": "https://registry.npmjs.org/source-map/-/source-map-0.6.1.tgz",
      "integrity": "sha512-UjgapumWlbMhkBgzT7Ykc5YXUT46F0iKu8SGXq0bcwP5dz/h0Plj6enJqjz1Zbq2l5WaqYnrVbwWOWMyF3F47g==",
      "dev": true,
      "license": "BSD-3-Clause",
      "engines": {
        "node": ">=0.10.0"
      }
    },
    "node_modules/source-map-support": {
      "version": "0.5.21",
      "resolved": "https://registry.npmjs.org/source-map-support/-/source-map-support-0.5.21.tgz",
      "integrity": "sha512-uBHU3L3czsIyYXKX88fdrGovxdSCoTGDRZ6SYXtSRxLZUzHg5P/66Ht6uoUlHu9EZod+inXhKo3qQgwXUT/y1w==",
      "dev": true,
      "license": "MIT",
      "dependencies": {
        "buffer-from": "^1.0.0",
        "source-map": "^0.6.0"
      }
    },
    "node_modules/string_decoder": {
      "version": "1.3.0",
      "license": "MIT",
      "dependencies": {
        "safe-buffer": "~5.2.0"
      }
    },
    "node_modules/supports-color": {
      "version": "8.1.1",
      "resolved": "https://registry.npmjs.org/supports-color/-/supports-color-8.1.1.tgz",
      "integrity": "sha512-MpUEN2OodtUzxvKQl72cUF7RQ5EiHsGvSsVG0ia9c5RbWGL2CI4C7EpPS8UTBIplnlzZiNuV56w+FuNxy3ty2Q==",
      "dev": true,
      "license": "MIT",
      "dependencies": {
        "has-flag": "^4.0.0"
      },
      "engines": {
        "node": ">=10"
      },
      "funding": {
        "url": "https://github.com/chalk/supports-color?sponsor=1"
      }
    },
    "node_modules/tapable": {
      "version": "2.3.3",
      "resolved": "https://registry.npmjs.org/tapable/-/tapable-2.3.3.tgz",
      "integrity": "sha512-uxc/zpqFg6x7C8vOE7lh6Lbda8eEL9zmVm/PLeTPBRhh1xCgdWaQ+J1CUieGpIfm2HdtsUpRv+HshiasBMcc6A==",
      "dev": true,
      "license": "MIT",
      "engines": {
        "node": ">=6"
      },
      "funding": {
        "type": "opencollective",
        "url": "https://opencollective.com/webpack"
      }
    },
    "node_modules/terser": {
      "version": "5.51.2",
      "resolved": "https://registry.npmjs.org/terser/-/terser-5.51.2.tgz",
      "integrity": "sha512-bWnjSNscmuI+GJze6ZupnHP8G/cTcsJF+bXCeQknk2SHQsgbNJnLrqiH9jZ2W4STPVXH2mDKKRX3iwPhc9Cn/Q==",
      "dev": true,
      "license": "BSD-2-Clause",
      "dependencies": {
        "@jridgewell/source-map": "^0.3.3",
        "acorn": "^8.15.0",
        "commander": "^2.20.0",
        "source-map-support": "~0.5.20"
      },
      "bin": {
        "terser": "bin/terser"
      },
      "engines": {
        "node": ">=10"
      }
    },
    "node_modules/terser/node_modules/commander": {
      "version": "2.20.3",
      "resolved": "https://registry.npmjs.org/commander/-/commander-2.20.3.tgz",
      "integrity": "sha512-GpVkmM8vF2vQUkj2LvZmD35JxeJOLCwJ9cUkugyk2nuhbv3+mJvpLYYt+0+USMxE+oj+ey/lJEnhZw75x/OMcQ==",
      "dev": true,
      "license": "MIT"
    },
    "node_modules/thingies": {
      "version": "2.5.0",
      "dev": true,
      "license": "MIT",
      "engines": {
        "node": ">=10.18"
      },
      "funding": {
        "type": "github",
        "url": "https://github.com/sponsors/streamich"
      },
      "peerDependencies": {
        "tslib": "^2"
      }
    },
    "node_modules/tree-dump": {
      "version": "1.1.0",
      "dev": true,
      "license": "Apache-2.0",
      "engines": {
        "node": ">=10.0"
      },
      "funding": {
        "type": "github",
        "url": "https://github.com/sponsors/streamich"
      },
      "peerDependencies": {
        "tslib": "2"
      }
    },
    "node_modules/tslib": {
      "version": "2.8.1",
      "dev": true,
      "license": "0BSD"
    },
    "node_modules/undici-types": {
      "version": "8.3.0",
      "resolved": "https://registry.npmjs.org/undici-types/-/undici-types-8.3.0.tgz",
      "integrity": "sha512-j375ScV60dom+YkPFIfTLcOiPxkN/buHz5GobjLhixFuANaNs3C9l4GmrWqejgXWJ7BbJcFYpTEUkS1Ge8bpZQ==",
      "dev": true,
      "license": "MIT"
    },
    "node_modules/update-browserslist-db": {
      "version": "1.2.3",
      "dev": true,
      "funding": [
        {
          "type": "opencollective",
          "url": "https://opencollective.com/browserslist"
        },
        {
          "type": "tidelift",
          "url": "https://tidelift.com/funding/github/npm/browserslist"
        },
        {
          "type": "github",
          "url": "https://github.com/sponsors/ai"
        }
      ],
      "license": "MIT",
      "dependencies": {
        "escalade": "^3.2.0",
        "picocolors": "^1.1.1"
      },
      "bin": {
        "update-browserslist-db": "cli.js"
      },
      "peerDependencies": {
        "browserslist": ">= 4.21.0"
      }
    },
    "node_modules/watchpack": {
      "version": "2.5.2",
      "resolved": "https://registry.npmjs.org/watchpack/-/watchpack-2.5.2.tgz",
      "integrity": "sha512-6i/00NBjP4yGPs+caKSyRfpTF/8Torsu0MOW3mMzIbhgISFder8i7xbqgHlLMwJrdiN8ndBV3UA1/AfzPSr+jg==",
      "dev": true,
      "license": "MIT",
      "dependencies": {
        "graceful-fs": "^4.1.2"
      },
      "engines": {
        "node": ">=10.13.0"
      }
    },
    "node_modules/webpack": {
      "version": "5.110.3",
      "resolved": "https://registry.npmjs.org/webpack/-/webpack-5.110.3.tgz",
      "integrity": "sha512-GuizBzRvo9YPpyoNMf3ag7AzxbaW85qrRSqTha345KyJbAFPt3/cMzBM0h+RWg7SK/7DdzRLINP3LvQ0hvr4hg==",
      "dev": true,
      "license": "MIT",
      "dependencies": {
        "@types/estree": "^1.0.8",
        "@types/json-schema": "^7.0.15",
        "@webassemblyjs/ast": "^1.14.1",
        "@webassemblyjs/wasm-edit": "^1.14.1",
        "@webassemblyjs/wasm-parser": "^1.14.1",
        "acorn": "^8.16.0",
        "browserslist": "^4.28.1",
        "chrome-trace-event": "^1.0.2",
        "enhanced-resolve": "^5.24.4",
        "es-module-lexer": "^2.1.0",
        "events": "^3.2.0",
        "graceful-fs": "^4.2.11",
        "mime-db": "^1.54.0",
        "minimizer-webpack-plugin": "^5.7.0",
        "neo-async": "^2.6.2",
        "schema-utils": "^4.3.3",
        "tapable": "^2.3.0",
        "watchpack": "^2.5.2",
        "webpack-sources": "^3.5.1"
      },
      "bin": {
        "webpack": "bin/webpack.js"
      },
      "engines": {
        "node": ">=10.13.0"
      },
      "funding": {
        "type": "opencollective",
        "url": "https://opencollective.com/webpack"
      },
      "peerDependenciesMeta": {
        "webpack-cli": {
          "optional": true
        }
      }
    },
    "node_modules/webpack-sources": {
      "version": "3.5.1",
      "resolved": "https://registry.npmjs.org/webpack-sources/-/webpack-sources-3.5.1.tgz",
      "integrity": "sha512-jyuiGJdtvY434z5bUZrjz67v76/ePNvFZTp9Mdz29IlH4+GPsgyGjiv0fKI+M7BdkU6ADjulUcKAd3tUK3WlEw==",
      "dev": true,
      "license": "MIT",
      "engines": {
        "node": ">=10.13.0"
      }
    }
  }
}
